{
  "name": "cordova-plugin-advanced-http-custom-error",
  "version": "1.5.7",
  "lockfileVersion": 1,
  "dependencies": {
    "umd-tough-cookie": {
      "version": "2.3.2",
      "resolved": "https://registry.npmjs.org/umd-tough-cookie/-/umd-tough-cookie-2.3.2.tgz",
      "integrity": "sha1-g9ohGJHLpwsxfurUYIpjqZTOVu4=",
      "dev": true
    }
  }
}
